// !$*UTF8*$!
{
	archiveVersion = 1;
	classes = {
	};
	objectVersion = 55;
	objects = {

/* Begin PBXBuildFile section */
		7413AECB27EB2D1100821A4D /* AppDelegate.swift in Sources */ = {isa = PBXBuildFile; fileRef = 7413AECA27EB2D1100821A4D /* AppDelegate.swift */; };
		7413AECD27EB2D1100821A4D /* SceneDelegate.swift in Sources */ = {isa = PBXBuildFile; fileRef = 7413AECC27EB2D1100821A4D /* SceneDelegate.swift */; };
		7413AED227EB2D1100821A4D /* Main.storyboard in Resources */ = {isa = PBXBuildFile; fileRef = 7413AED027EB2D1100821A4D /* Main.storyboard */; };
		7413AED427EB2D1800821A4D /* Assets.xcassets in Resources */ = {isa = PBXBuildFile; fileRef = 7413AED327EB2D1800821A4D /* Assets.xcassets */; };
		7413AED727EB2D1800821A4D /* LaunchScreen.storyboard in Resources */ = {isa = PBXBuildFile; fileRef = 7413AED527EB2D1800821A4D /* LaunchScreen.storyboard */; };
		7413AEE227EB2D1800821A4D /* MyPlacesTests.swift in Sources */ = {isa = PBXBuildFile; fileRef = 7413AEE127EB2D1800821A4D /* MyPlacesTests.swift */; };
		7413AEEC27EB2D1800821A4D /* MyPlacesUITests.swift in Sources */ = {isa = PBXBuildFile; fileRef = 7413AEEB27EB2D1800821A4D /* MyPlacesUITests.swift */; };
		7413AEEE27EB2D1800821A4D /* MyPlacesUITestsLaunchTests.swift in Sources */ = {isa = PBXBuildFile; fileRef = 7413AEED27EB2D1800821A4D /* MyPlacesUITestsLaunchTests.swift */; };
		7413AEFB27EB2E6D00821A4D /* MainViewController.swift in Sources */ = {isa = PBXBuildFile; fileRef = 7413AEFA27EB2E6D00821A4D /* MainViewController.swift */; };
		7413AEFD27EB3FEB00821A4D /* CustomTableViewCell.swift in Sources */ = {isa = PBXBuildFile; fileRef = 7413AEFC27EB3FEB00821A4D /* CustomTableViewCell.swift */; };
		7413AEFF27EB45E800821A4D /* PlaceModel.swift in Sources */ = {isa = PBXBuildFile; fileRef = 7413AEFE27EB45E800821A4D /* PlaceModel.swift */; };
		7413AF0127EB742F00821A4D /* NewPlaceViewController.swift in Sources */ = {isa = PBXBuildFile; fileRef = 7413AF0027EB742F00821A4D /* NewPlaceViewController.swift */; };
/* End PBXBuildFile section */

/* Begin PBXContainerItemProxy section */
		7413AEDE27EB2D1800821A4D /* PBXContainerItemProxy */ = {
			isa = PBXContainerItemProxy;
			containerPortal = 7413AEBF27EB2D1000821A4D /* Project object */;
			proxyType = 1;
			remoteGlobalIDString = 7413AEC627EB2D1000821A4D;
			remoteInfo = MyPlaces;
		};
		7413AEE827EB2D1800821A4D /* PBXContainerItemProxy */ = {
			isa = PBXContainerItemProxy;
			containerPortal = 7413AEBF27EB2D1000821A4D /* Project object */;
			proxyType = 1;
			remoteGlobalIDString = 7413AEC627EB2D1000821A4D;
			remoteInfo = MyPlaces;
		};
/* End PBXContainerItemProxy section */

/* Begin PBXFileReference section */
		7413AEC727EB2D1100821A4D /* MyPlaces.app */ = {isa = PBXFileReference; explicitFileType = wrapper.application; includeInIndex = 0; path = MyPlaces.app; sourceTree = BUILT_PRODUCTS_DIR; };
		7413AECA27EB2D1100821A4D /* AppDelegate.swift */ = {isa = PBXFileReference; lastKnownFileType = sourcecode.swift; path = AppDelegate.swift; sourceTree = "<group>"; };
		7413AECC27EB2D1100821A4D /* SceneDelegate.swift */ = {isa = PBXFileReference; lastKnownFileType = sourcecode.swift; path = SceneDelegate.swift; sourceTree = "<group>"; };
		7413AED127EB2D1100821A4D /* Base */ = {isa = PBXFileReference; lastKnownFileType = file.storyboard; name = Base; path = Base.lproj/Main.storyboard; sourceTree = "<group>"; };
		7413AED327EB2D1800821A4D /* Assets.xcassets */ = {isa = PBXFileReference; lastKnownFileType = folder.assetcatalog; path = Assets.xcassets; sourceTree = "<group>"; };
		7413AED627EB2D1800821A4D /* Base */ = {isa = PBXFileReference; lastKnownFileType = file.storyboard; name = Base; path = Base.lproj/LaunchScreen.storyboard; sourceTree = "<group>"; };
		7413AED827EB2D1800821A4D /* Info.plist */ = {isa = PBXFileReference; lastKnownFileType = text.plist.xml; path = Info.plist; sourceTree = "<group>"; };
		7413AEDD27EB2D1800821A4D /* MyPlacesTests.xctest */ = {isa = PBXFileReference; explicitFileType = wrapper.cfbundle; includeInIndex = 0; path = MyPlacesTests.xctest; sourceTree = BUILT_PRODUCTS_DIR; };
		7413AEE127EB2D1800821A4D /* MyPlacesTests.swift */ = {isa = PBXFileReference; lastKnownFileType = sourcecode.swift; path = MyPlacesTests.swift; sourceTree = "<group>"; };
		7413AEE727EB2D1800821A4D /* MyPlacesUITests.xctest */ = {isa = PBXFileReference; explicitFileType = wrapper.cfbundle; includeInIndex = 0; path = MyPlacesUITests.xctest; sourceTree = BUILT_PRODUCTS_DIR; };
		7413AEEB27EB2D1800821A4D /* MyPlacesUITests.swift */ = {isa = PBXFileReference; lastKnownFileType = sourcecode.swift; path = MyPlacesUITests.swift; sourceTree = "<group>"; };
		7413AEED27EB2D1800821A4D /* MyPlacesUITestsLaunchTests.swift */ = {isa = PBXFileReference; lastKnownFileType = sourcecode.swift; path = MyPlacesUITestsLaunchTests.swift; sourceTree = "<group>"; };
		7413AEFA27EB2E6D00821A4D /* MainViewController.swift */ = {isa = PBXFileReference; lastKnownFileType = sourcecode.swift; path = MainViewController.swift; sourceTree = SOURCE_ROOT; };
		7413AEFC27EB3FEB00821A4D /* CustomTableViewCell.swift */ = {isa = PBXFileReference; lastKnownFileType = sourcecode.swift; path = CustomTableViewCell.swift; sourceTree = "<group>"; };
		7413AEFE27EB45E800821A4D /* PlaceModel.swift */ = {isa = PBXFileReference; lastKnownFileType = sourcecode.swift; path = PlaceModel.swift; sourceTree = "<group>"; };
		7413AF0027EB742F00821A4D /* NewPlaceViewController.swift */ = {isa = PBXFileReference; lastKnownFileType = sourcecode.swift; path = NewPlaceViewController.swift; sourceTree = "<group>"; };
/* End PBXFileReference section */

/* Begin PBXFrameworksBuildPhase section */
		7413AEC427EB2D1000821A4D /* Frameworks */ = {
			isa = PBXFrameworksBuildPhase;
			buildActionMask = 2147483647;
			files = (
			);
			runOnlyForDeploymentPostprocessing = 0;
		};
		7413AEDA27EB2D1800821A4D /* Frameworks */ = {
			isa = PBXFrameworksBuildPhase;
			buildActionMask = 2147483647;
			files = (
			);
			runOnlyForDeploymentPostprocessing = 0;
		};
		7413AEE427EB2D1800821A4D /* Frameworks */ = {
			isa = PBXFrameworksBuildPhase;
			buildActionMask = 2147483647;
			files = (
			);
			runOnlyForDeploymentPostprocessing = 0;
		};
/* End PBXFrameworksBuildPhase section */

/* Begin PBXGroup section */
		7413AEBE27EB2D1000821A4D = {
			isa = PBXGroup;
			children = (
				7413AEC927EB2D1100821A4D /* MyPlaces */,
				7413AEE027EB2D1800821A4D /* MyPlacesTests */,
				7413AEEA27EB2D1800821A4D /* MyPlacesUITests */,
				7413AEC827EB2D1100821A4D /* Products */,
			);
			sourceTree = "<group>";
		};
		7413AEC827EB2D1100821A4D /* Products */ = {
			isa = PBXGroup;
			children = (
				7413AEC727EB2D1100821A4D /* MyPlaces.app */,
				7413AEDD27EB2D1800821A4D /* MyPlacesTests.xctest */,
				7413AEE727EB2D1800821A4D /* MyPlacesUITests.xctest */,
			);
			name = Products;
			sourceTree = "<group>";
		};
		7413AEC927EB2D1100821A4D /* MyPlaces */ = {
			isa = PBXGroup;
			children = (
				7413AECA27EB2D1100821A4D /* AppDelegate.swift */,
				7413AF0027EB742F00821A4D /* NewPlaceViewController.swift */,
				7413AEFE27EB45E800821A4D /* PlaceModel.swift */,
				7413AEFC27EB3FEB00821A4D /* CustomTableViewCell.swift */,
				7413AEFA27EB2E6D00821A4D /* MainViewController.swift */,
				7413AECC27EB2D1100821A4D /* SceneDelegate.swift */,
				7413AED027EB2D1100821A4D /* Main.storyboard */,
				7413AED327EB2D1800821A4D /* Assets.xcassets */,
				7413AED527EB2D1800821A4D /* LaunchScreen.storyboard */,
				7413AED827EB2D1800821A4D /* Info.plist */,
			);
			path = MyPlaces;
			sourceTree = "<group>";
		};
		7413AEE027EB2D1800821A4D /* MyPlacesTests */ = {
			isa = PBXGroup;
			children = (
				7413AEE127EB2D1800821A4D /* MyPlacesTests.swift */,
			);
			path = MyPlacesTests;
			sourceTree = "<group>";
		};
		7413AEEA27EB2D1800821A4D /* MyPlacesUITests */ = {
			isa = PBXGroup;
			children = (
				7413AEEB27EB2D1800821A4D /* MyPlacesUITests.swift */,
				7413AEED27EB2D1800821A4D /* MyPlacesUITestsLaunchTests.swift */,
			);
			path = MyPlacesUITests;
			sourceTree = "<group>";
		};
/* End PBXGroup section */

/* Begin PBXNativeTarget section */
		7413AEC627EB2D1000821A4D /* MyPlaces */ = {
			isa = PBXNativeTarget;
			buildConfigurationList = 7413AEF127EB2D1800821A4D /* Build configuration list for PBXNativeTarget "MyPlaces" */;
			buildPhases = (
				7413AEC327EB2D1000821A4D /* Sources */,
				7413AEC427EB2D1000821A4D /* Frameworks */,
				7413AEC527EB2D1000821A4D /* Resources */,
			);
			buildRules = (
			);
			dependencies = (
			);
			name = MyPlaces;
			productName = MyPlaces;
			productReference = 7413AEC727EB2D1100821A4D /* MyPlaces.app */;
			productType = "com.apple.product-type.application";
		};
		7413AEDC27EB2D1800821A4D /* MyPlacesTests */ = {
			isa = PBXNativeTarget;
			buildConfigurationList = 7413AEF427EB2D1800821A4D /* Build configuration list for PBXNativeTarget "MyPlacesTests" */;
			buildPhases = (
				7413AED927EB2D1800821A4D /* Sources */,
				7413AEDA27EB2D1800821A4D /* Frameworks */,
				7413AEDB27EB2D1800821A4D /* Resources */,
			);
			buildRules = (
			);
			dependencies = (
				7413AEDF27EB2D1800821A4D /* PBXTargetDependency */,
			);
			name = MyPlacesTests;
			productName = MyPlacesTests;
			productReference = 7413AEDD27EB2D1800821A4D /* MyPlacesTests.xctest */;
			productType = "com.apple.product-type.bundle.unit-test";
		};
		7413AEE627EB2D1800821A4D /* MyPlacesUITests */ = {
			isa = PBXNativeTarget;
			buildConfigurationList = 7413AEF727EB2D1800821A4D /* Build configuration list for PBXNativeTarget "MyPlacesUITests" */;
			buildPhases = (
				7413AEE327EB2D1800821A4D /* Sources */,
				7413AEE427EB2D1800821A4D /* Frameworks */,
				7413AEE527EB2D1800821A4D /* Resources */,
			);
			buildRules = (
			);
			dependencies = (
				7413AEE927EB2D1800821A4D /* PBXTargetDependency */,
			);
			name = MyPlacesUITests;
			productName = MyPlacesUITests;
			productReference = 7413AEE727EB2D1800821A4D /* MyPlacesUITests.xctest */;
			productType = "com.apple.product-type.bundle.ui-testing";
		};
/* End PBXNativeTarget section */

/* Begin PBXProject section */
		7413AEBF27EB2D1000821A4D /* Project object */ = {
			isa = PBXProject;
			attributes = {
				BuildIndependentTargetsInParallel = 1;
				LastSwiftUpdateCheck = 1330;
				LastUpgradeCheck = 1330;
				TargetAttributes = {
					7413AEC627EB2D1000821A4D = {
						CreatedOnToolsVersion = 13.3;
					};
					7413AEDC27EB2D1800821A4D = {
						CreatedOnToolsVersion = 13.3;
						TestTargetID = 7413AEC627EB2D1000821A4D;
					};
					7413AEE627EB2D1800821A4D = {
						CreatedOnToolsVersion = 13.3;
						TestTargetID = 7413AEC627EB2D1000821A4D;
					};
				};
			};
			buildConfigurationList = 7413AEC227EB2D1000821A4D /* Build configuration list for PBXProject "MyPlaces" */;
			compatibilityVersion = "Xcode 13.0";
			developmentRegion = en;
			hasScannedForEncodings = 0;
			knownRegions = (
				en,
				Base,
			);
			mainGroup = 7413AEBE27EB2D1000821A4D;
			productRefGroup = 7413AEC827EB2D1100821A4D /* Products */;
			projectDirPath = "";
			projectRoot = "";
			targets = (
				7413AEC627EB2D1000821A4D /* MyPlaces */,
				7413AEDC27EB2D1800821A4D /* MyPlacesTests */,
				7413AEE627EB2D1800821A4D /* MyPlacesUITests */,
			);
		};
/* End PBXProject section */

/* Begin PBXResourcesBuildPhase section */
		7413AEC527EB2D1000821A4D /* Resources */ = {
			isa = PBXResourcesBuildPhase;
			buildActionMask = 2147483647;
			files = (
				7413AED727EB2D1800821A4D /* LaunchScreen.storyboard in Resources */,
				7413AED427EB2D1800821A4D /* Assets.xcassets in Resources */,
				7413AED227EB2D1100821A4D /* Main.storyboard in Resources */,
			);
			runOnlyForDeploymentPostprocessing = 0;
		};
		7413AEDB27EB2D1800821A4D /* Resources */ = {
			isa = PBXResourcesBuildPhase;
			buildActionMask = 2147483647;
			files = (
			);
			runOnlyForDeploymentPostprocessing = 0;
		};
		7413AEE527EB2D1800821A4D /* Resources */ = {
			isa = PBXResourcesBuildPhase;
			buildActionMask = 2147483647;
			files = (
			);
			runOnlyForDeploymentPostprocessing = 0;
		};
/* End PBXResourcesBuildPhase section */

/* Begin PBXSourcesBuildPhase section */
		7413AEC327EB2D1000821A4D /* Sources */ = {
			isa = PBXSourcesBuildPhase;
			buildActionMask = 2147483647;
			files = (
				7413AEFB27EB2E6D00821A4D /* MainViewController.swift in Sources */,
				7413AF0127EB742F00821A4D /* NewPlaceViewController.swift in Sources */,
				7413AECB27EB2D1100821A4D /* AppDelegate.swift in Sources */,
				7413AEFF27EB45E800821A4D /* PlaceModel.swift in Sources */,
				7413AEFD27EB3FEB00821A4D /* CustomTableViewCell.swift in Sources */,
				7413AECD27EB2D1100821A4D /* SceneDelegate.swift in Sources */,
			);
			runOnlyForDeploymentPostprocessing = 0;
		};
		7413AED927EB2D1800821A4D /* Sources */ = {
			isa = PBXSourcesBuildPhase;
			buildActionMask = 2147483647;
			files = (
				7413AEE227EB2D1800821A4D /* MyPlacesTests.swift in Sources */,
			);
			runOnlyForDeploymentPostprocessing = 0;
		};
		7413AEE327EB2D1800821A4D /* Sources */ = {
			isa = PBXSourcesBuildPhase;
			buildActionMask = 2147483647;
			files = (
				7413AEEE27EB2D1800821A4D /* MyPlacesUITestsLaunchTests.swift in Sources */,
				7413AEEC27EB2D1800821A4D /* MyPlacesUITests.swift in Sources */,
			);
			runOnlyForDeploymentPostprocessing = 0;
		};
/* End PBXSourcesBuildPhase section */

/* Begin PBXTargetDependency section */
		7413AEDF27EB2D1800821A4D /* PBXTargetDependency */ = {
			isa = PBXTargetDependency;
			target = 7413AEC627EB2D1000821A4D /* MyPlaces */;
			targetProxy = 7413AEDE27EB2D1800821A4D /* PBXContainerItemProxy */;
		};
		7413AEE927EB2D1800821A4D /* PBXTargetDependency */ = {
			isa = PBXTargetDependency;
			target = 7413AEC627EB2D1000821A4D /* MyPlaces */;
			targetProxy = 7413AEE827EB2D1800821A4D /* PBXContainerItemProxy */;
		};
/* End PBXTargetDependency section */

/* Begin PBXVariantGroup section */
		7413AED027EB2D1100821A4D /* Main.storyboard */ = {
			isa = PBXVariantGroup;
			children = (
				7413AED127EB2D1100821A4D /* Base */,
			);
			name = Main.storyboard;
			sourceTree = "<group>";
		};
		7413AED527EB2D1800821A4D /* LaunchScreen.storyboard */ = {
			isa = PBXVariantGroup;
			children = (
				7413AED627EB2D1800821A4D /* Base */,
			);
			name = LaunchScreen.storyboard;
			sourceTree = "<group>";
		};
/* End PBXVariantGroup section */

/* Begin XCBuildConfiguration section */
		7413AEEF27EB2D1800821A4D /* Debug */ = {
			isa = XCBuildConfiguration;
			buildSettings = {
				ALWAYS_SEARCH_USER_PATHS = NO;
				CLANG_ANALYZER_NONNULL = YES;
				CLANG_ANALYZER_NUMBER_OBJECT_CONVERSION = YES_AGGRESSIVE;
				CLANG_CXX_LANGUAGE_STANDARD = "gnu++17";
				CLANG_ENABLE_MODULES = YES;
				CLANG_ENABLE_OBJC_ARC = YES;
				CLANG_ENABLE_OBJC_WEAK = YES;
				CLANG_WARN_BLOCK_CAPTURE_AUTORELEASING = YES;
				CLANG_WARN_BOOL_CONVERSION = YES;
				CLANG_WARN_COMMA = YES;
				CLANG_WARN_CONSTANT_CONVERSION = YES;
				CLANG_WARN_DEPRECATED_OBJC_IMPLEMENTATIONS = YES;
				CLANG_WARN_DIRECT_OBJC_ISA_USAGE = YES_ERROR;
				CLANG_WARN_DOCUMENTATION_COMMENTS = YES;
				CLANG_WARN_EMPTY_BODY = YES;
				CLANG_WARN_ENUM_CONVERSION = YES;
				CLANG_WARN_INFINITE_RECURSION = YES;
				CLANG_WARN_INT_CONVERSION = YES;
				CLANG_WARN_NON_LITERAL_NULL_CONVERSION = YES;
				CLANG_WARN_OBJC_IMPLICIT_RETAIN_SELF = YES;
				CLANG_WARN_OBJC_LITERAL_CONVERSION = YES;
				CLANG_WARN_OBJC_ROOT_CLASS = YES_ERROR;
				CLANG_WARN_QUOTED_INCLUDE_IN_FRAMEWORK_HEADER = YES;
				CLANG_WARN_RANGE_LOOP_ANALYSIS = YES;
				CLANG_WARN_STRICT_PROTOTYPES = YES;
				CLANG_WARN_SUSPICIOUS_MOVE = YES;
				CLANG_WARN_UNGUARDED_AVAILABILITY = YES_AGGRESSIVE;
				CLANG_WARN_UNREACHABLE_CODE = YES;
				CLANG_WARN__DUPLICATE_METHOD_MATCH = YES;
				COPY_PHASE_STRIP = NO;
				DEBUG_INFORMATION_FORMAT = dwarf;
				ENABLE_STRICT_OBJC_MSGSEND = YES;
				ENABLE_TESTABILITY = YES;
				GCC_C_LANGUAGE_STANDARD = gnu11;
				GCC_DYNAMIC_NO_PIC = NO;
				GCC_NO_COMMON_BLOCKS = YES;
				GCC_OPTIMIZATION_LEVEL = 0;
				GCC_PREPROCESSOR_DEFINITIONS = (
					"DEBUG=1",
					"$(inherited)",
				);
				GCC_WARN_64_TO_32_BIT_CONVERSION = YES;
				GCC_WARN_ABOUT_RETURN_TYPE = YES_ERROR;
				GCC_WARN_UNDECLARED_SELECTOR = YES;
				GCC_WARN_UNINITIALIZED_AUTOS = YES_AGGRESSIVE;
				GCC_WARN_UNUSED_FUNCTION = YES;
				GCC_WARN_UNUSED_VARIABLE = YES;
				IPHONEOS_DEPLOYMENT_TARGET = 15.4;
				MTL_ENABLE_DEBUG_INFO = INCLUDE_SOURCE;
				MTL_FAST_MATH = YES;
				ONLY_ACTIVE_ARCH = YES;
				SDKROOT = iphoneos;
				SWIFT_ACTIVE_COMPILATION_CONDITIONS = DEBUG;
				SWIFT_OPTIMIZATION_LEVEL = "-Onone";
			};
			name = Debug;
		};
		7413AEF027EB2D1800821A4D /* Release */ = {
			isa = XCBuildConfiguration;
			buildSettings = {
				ALWAYS_SEARCH_USER_PATHS = NO;
				CLANG_ANALYZER_NONNULL = YES;
				CLANG_ANALYZER_NUMBER_OBJECT_CONVERSION = YES_AGGRESSIVE;
				CLANG_CXX_LANGUAGE_STANDARD = "gnu++17";
				CLANG_ENABLE_MODULES = YES;
				CLANG_ENABLE_OBJC_ARC = YES;
				CLANG_ENABLE_OBJC_WEAK = YES;
				CLANG_WARN_BLOCK_CAPTURE_AUTORELEASING = YES;
				CLANG_WARN_BOOL_CONVERSION = YES;
				CLANG_WARN_COMMA = YES;
				CLANG_WARN_CONSTANT_CONVERSION = YES;
				CLANG_WARN_DEPRECATED_OBJC_IMPLEMENTATIONS = YES;
				CLANG_WARN_DIRECT_OBJC_ISA_USAGE = YES_ERROR;
				CLANG_WARN_DOCUMENTATION_COMMENTS = YES;
				CLANG_WARN_EMPTY_BODY = YES;
				CLANG_WARN_ENUM_CONVERSION = YES;
				CLANG_WARN_INFINITE_RECURSION = YES;
				CLANG_WARN_INT_CONVERSION = YES;
				CLANG_WARN_NON_LITERAL_NULL_CONVERSION = YES;
				CLANG_WARN_OBJC_IMPLICIT_RETAIN_SELF = YES;
				CLANG_WARN_OBJC_LITERAL_CONVERSION = YES;
				CLANG_WARN_OBJC_ROOT_CLASS = YES_ERROR;
				CLANG_WARN_QUOTED_INCLUDE_IN_FRAMEWORK_HEADER = YES;
				CLANG_WARN_RANGE_LOOP_ANALYSIS = YES;
				CLANG_WARN_STRICT_PROTOTYPES = YES;
				CLANG_WARN_SUSPICIOUS_MOVE = YES;
				CLANG_WARN_UNGUARDED_AVAILABILITY = YES_AGGRESSIVE;
				CLANG_WARN_UNREACHABLE_CODE = YES;
				CLANG_WARN__DUPLICATE_METHOD_MATCH = YES;
				COPY_PHASE_STRIP = NO;
				DEBUG_INFORMATION_FORMAT = "dwarf-with-dsym";
				ENABLE_NS_ASSERTIONS = NO;
				ENABLE_STRICT_OBJC_MSGSEND = YES;
				GCC_C_LANGUAGE_STANDARD = gnu11;
				GCC_NO_COMMON_BLOCKS = YES;
				GCC_WARN_64_TO_32_BIT_CONVERSION = YES;
				GCC_WARN_ABOUT_RETURN_TYPE = YES_ERROR;
				GCC_WARN_UNDECLARED_SELECTOR = YES;
				GCC_WARN_UNINITIALIZED_AUTOS = YES_AGGRESSIVE;
				GCC_WARN_UNUSED_FUNCTION = YES;
				GCC_WARN_UNUSED_VARIABLE = YES;
				IPHONEOS_DEPLOYMENT_TARGET = 15.4;
				MTL_ENABLE_DEBUG_INFO = NO;
				MTL_FAST_MATH = YES;
				SDKROOT = iphoneos;
				SWIFT_COMPILATION_MODE = wholemodule;
				SWIFT_OPTIMIZATION_LEVEL = "-O";
				VALIDATE_PRODUCT = YES;
			};
			name = Release;
		};
		7413AEF227EB2D1800821A4D /* Debug */ = {
			isa = XCBuildConfiguration;
			buildSettings = {
				ASSETCATALOG_COMPILER_APPICON_NAME = AppIcon;
				ASSETCATALOG_COMPILER_GLOBAL_ACCENT_COLOR_NAME = AccentColor;
				CODE_SIGN_STYLE = Automatic;
				CURRENT_PROJECT_VERSION = 1;
				DEVELOPMENT_TEAM = 7S58P9LH7H;
				GENERATE_INFOPLIST_FILE = YES;
				INFOPLIST_FILE = MyPlaces/Info.plist;
				INFOPLIST_KEY_UIApplicationSupportsIndirectInputEvents = YES;
				INFOPLIST_KEY_UILaunchStoryboardName = LaunchScreen;
				INFOPLIST_KEY_UIMainStoryboardFile = Main;
				INFOPLIST_KEY_UISupportedInterfaceOrientations = "UIInterfaceOrientationPortrait UIInterfaceOrientationLandscapeLeft UIInterfaceOrientationLandscapeRight";
				INFOPLIST_KEY_UISupportedInterfaceOrientations_iPad = "UIInterfaceOrientationPortrait UIInterfaceOrientationPortraitUpsideDown UIInterfaceOrientationLandscapeLeft UIInterfaceOrientationLandscapeRight";
				INFOPLIST_KEY_UISupportedInterfaceOrientations_iPhone = "UIInterfaceOrientationPortrait UIInterfaceOrientationLandscapeLeft UIInterfaceOrientationLandscapeRight";
				LD_RUNPATH_SEARCH_PATHS = (
					"$(inherited)",
					"@executable_path/Frameworks",
				);
				MARKETING_VERSION = 1.0;
				PRODUCT_BUNDLE_IDENTIFIER = com.romanKarasev.MyPlaces;
				PRODUCT_NAME = "$(TARGET_NAME)";
				SWIFT_EMIT_LOC_STRINGS = YES;
				SWIFT_VERSION = 5.0;
				TARGETED_DEVICE_FAMILY = "1,2";
			};
			name = Debug;
		};
		7413AEF327EB2D1800821A4D /* Release */ = {
			isa = XCBuildConfiguration;
			buildSettings = {
				ASSETCATALOG_COMPILER_APPICON_NAME = AppIcon;
				ASSETCATALOG_COMPILER_GLOBAL_ACCENT_COLOR_NAME = AccentColor;
				CODE_SIGN_STYLE = Automatic;
				CURRENT_PROJECT_VERSION = 1;
				DEVELOPMENT_TEAM = 7S58P9LH7H;
				GENERATE_INFOPLIST_FILE = YES;
				INFOPLIST_FILE = MyPlaces/Info.plist;
				INFOPLIST_KEY_UIApplicationSupportsIndirectInputEvents = YES;
				INFOPLIST_KEY_UILaunchStoryboardName = LaunchScreen;
				INFOPLIST_KEY_UIMainStoryboardFile = Main;
				INFOPLIST_KEY_UISupportedInterfaceOrientations = "UIInterfaceOrientationPortrait UIInterfaceOrientationLandscapeLeft UIInterfaceOrientationLandscapeRight";
				INFOPLIST_KEY_UISupportedInterfaceOrientations_iPad = "UIInterfaceOrientationPortrait UIInterfaceOrientationPortraitUpsideDown UIInterfaceOrientationLandscapeLeft UIInterfaceOrientationLandscapeRight";
				INFOPLIST_KEY_UISupportedInterfaceOrientations_iPhone = "UIInterfaceOrientationPortrait UIInterfaceOrientationLandscapeLeft UIInterfaceOrientationLandscapeRight";
				LD_RUNPATH_SEARCH_PATHS = (
					"$(inherited)",
					"@executable_path/Frameworks",
				);
				MARKETING_VERSION = 1.0;
				PRODUCT_BUNDLE_IDENTIFIER = com.romanKarasev.MyPlaces;
				PRODUCT_NAME = "$(TARGET_NAME)";
				SWIFT_EMIT_LOC_STRINGS = YES;
				SWIFT_VERSION = 5.0;
				TARGETED_DEVICE_FAMILY = "1,2";
			};
			name = Release;
		};
		7413AEF527EB2D1800821A4D /* Debug */ = {
			isa = XCBuildConfiguration;
			buildSettings = {
				ALWAYS_EMBED_SWIFT_STANDARD_LIBRARIES = YES;
				BUNDLE_LOADER = "$(TEST_HOST)";
				CODE_SIGN_STYLE = Automatic;
				CURRENT_PROJECT_VERSION = 1;
				DEVELOPMENT_TEAM = 7S58P9LH7H;
				GENERATE_INFOPLIST_FILE = YES;
				IPHONEOS_DEPLOYMENT_TARGET = 15.4;
				MARKETING_VERSION = 1.0;
				PRODUCT_BUNDLE_IDENTIFIER = com.romanKarasev.MyPlacesTests;
				PRODUCT_NAME = "$(TARGET_NAME)";
				SWIFT_EMIT_LOC_STRINGS = NO;
				SWIFT_VERSION = 5.0;
				TARGETED_DEVICE_FAMILY = "1,2";
				TEST_HOST = "$(BUILT_PRODUCTS_DIR)/MyPlaces.app/MyPlaces";
			};
			name = Debug;
		};
		7413AEF627EB2D1800821A4D /* Release */ = {
			isa = XCBuildConfiguration;
			buildSettings = {
				ALWAYS_EMBED_SWIFT_STANDARD_LIBRARIES = YES;
				BUNDLE_LOADER = "$(TEST_HOST)";
				CODE_SIGN_STYLE = Automatic;
				CURRENT_PROJECT_VERSION = 1;
				DEVELOPMENT_TEAM = 7S58P9LH7H;
				GENERATE_INFOPLIST_FILE = YES;
				IPHONEOS_DEPLOYMENT_TARGET = 15.4;
				MARKETING_VERSION = 1.0;
				PRODUCT_BUNDLE_IDENTIFIER = com.romanKarasev.MyPlacesTests;
				PRODUCT_NAME = "$(TARGET_NAME)";
				SWIFT_EMIT_LOC_STRINGS = NO;
				SWIFT_VERSION = 5.0;
				TARGETED_DEVICE_FAMILY = "1,2";
				TEST_HOST = "$(BUILT_PRODUCTS_DIR)/MyPlaces.app/MyPlaces";
			};
			name = Release;
		};
		7413AEF827EB2D1800821A4D /* Debug */ = {
			isa = XCBuildConfiguration;
			buildSettings = {
				ALWAYS_EMBED_SWIFT_STANDARD_LIBRARIES = YES;
				CODE_SIGN_STYLE = Automatic;
				CURRENT_PROJECT_VERSION = 1;
				DEVELOPMENT_TEAM = 7S58P9LH7H;
				GENERATE_INFOPLIST_FILE = YES;
				MARKETING_VERSION = 1.0;
				PRODUCT_BUNDLE_IDENTIFIER = com.romanKarasev.MyPlacesUITests;
				PRODUCT_NAME = "$(TARGET_NAME)";
				SWIFT_EMIT_LOC_STRINGS = NO;
				SWIFT_VERSION = 5.0;
				TARGETED_DEVICE_FAMILY = "1,2";
				TEST_TARGET_NAME = MyPlaces;
			};
			name = Debug;
		};
		7413AEF927EB2D1800821A4D /* Release */ = {
			isa = XCBuildConfiguration;
			buildSettings = {
				ALWAYS_EMBED_SWIFT_STANDARD_LIBRARIES = YES;
				CODE_SIGN_STYLE = Automatic;
				CURRENT_PROJECT_VERSION = 1;
				DEVELOPMENT_TEAM = 7S58P9LH7H;
				GENERATE_INFOPLIST_FILE = YES;
				MARKETING_VERSION = 1.0;
				PRODUCT_BUNDLE_IDENTIFIER = com.romanKarasev.MyPlacesUITests;
				PRODUCT_NAME = "$(TARGET_NAME)";
				SWIFT_EMIT_LOC_STRINGS = NO;
				SWIFT_VERSION = 5.0;
				TARGETED_DEVICE_FAMILY = "1,2";
				TEST_TARGET_NAME = MyPlaces;
			};
			name = Release;
		};
/* End XCBuildConfiguration section */

/* Begin XCConfigurationList section */
		7413AEC227EB2D1000821A4D /* Build configuration list for PBXProject "MyPlaces" */ = {
			isa = XCConfigurationList;
			buildConfigurations = (
				7413AEEF27EB2D1800821A4D /* Debug */,
				7413AEF027EB2D1800821A4D /* Release */,
			);
			defaultConfigurationIsVisible = 0;
			defaultConfigurationName = Release;
		};
		7413AEF127EB2D1800821A4D /* Build configuration list for PBXNativeTarget "MyPlaces" */ = {
			isa = XCConfigurationList;
			buildConfigurations = (
				7413AEF227EB2D1800821A4D /* Debug */,
				7413AEF327EB2D1800821A4D /* Release */,
			);
			defaultConfigurationIsVisible = 0;
			defaultConfigurationName = Release;
		};
		7413AEF427EB2D1800821A4D /* Build configuration list for PBXNativeTarget "MyPlacesTests" */ = {
			isa = XCConfigurationList;
			buildConfigurations = (
				7413AEF527EB2D1800821A4D /* Debug */,
				7413AEF627EB2D1800821A4D /* Release */,
			);
			defaultConfigurationIsVisible = 0;
			defaultConfigurationName = Release;
		};
		7413AEF727EB2D1800821A4D /* Build configuration list for PBXNativeTarget "MyPlacesUITests" */ = {
			isa = XCConfigurationList;
			buildConfigurations = (
				7413AEF827EB2D1800821A4D /* Debug */,
				7413AEF927EB2D1800821A4D /* Release */,
			);
			defaultConfigurationIsVisible = 0;
			defaultConfigurationName = Release;
		};
/* End XCConfigurationList section */
	};
	rootObject = 7413AEBF27EB2D1000821A4D /* Project object */;
}
